
Microsoft Visual Studio Solution File, Format Version 12.00
# Visual Studio Version 17
VisualStudioVersion = 17.8.34601.278
MinimumVisualStudioVersion = 10.0.40219.1
Project("{FAE04EC0-301F-11D3-BF4B-00C04F79EFBC}") = "WordInteraction", "WordInteraction\WordInteraction.csproj", "{B783DDF7-6C39-4C0F-934B-3A691B651773}"
EndProject
Project("{FAE04EC0-301F-11D3-BF4B-00C04F79EFBC}") = "MakingTimeTable", "MakingTimeTable\MakingTimeTable.csproj", "{3F7BABA2-9201-40F8-90C6-AFE8C51CEFF3}"
EndProject
Global
	GlobalSection(SolutionConfigurationPlatforms) = preSolution
		Debug|Any CPU = Debug|Any CPU
		Release|Any CPU = Release|Any CPU
	EndGlobalSection
	GlobalSection(ProjectConfigurationPlatforms) = postSolution
		{B783DDF7-6C39-4C0F-934B-3A691B651773}.Debug|Any CPU.ActiveCfg = Debug|Any CPU
		{B783DDF7-6C39-4C0F-934B-3A691B651773}.Debug|Any CPU.Build.0 = Debug|Any CPU
		{B783DDF7-6C39-4C0F-934B-3A691B651773}.Release|Any CPU.ActiveCfg = Release|Any CPU
		{B783DDF7-6C39-4C0F-934B-3A691B651773}.Release|Any CPU.Build.0 = Release|Any CPU
		{3F7BABA2-9201-40F8-90C6-AFE8C51CEFF3}.Debug|Any CPU.ActiveCfg = Debug|Any CPU
		{3F7BABA2-9201-40F8-90C6-AFE8C51CEFF3}.Debug|Any CPU.Build.0 = Debug|Any CPU
		{3F7BABA2-9201-40F8-90C6-AFE8C51CEFF3}.Release|Any CPU.ActiveCfg = Release|Any CPU
		{3F7BABA2-9201-40F8-90C6-AFE8C51CEFF3}.Release|Any CPU.Build.0 = Release|Any CPU
	EndGlobalSection
	GlobalSection(SolutionProperties) = preSolution
		HideSolutionNode = FALSE
	EndGlobalSection
	GlobalSection(ExtensibilityGlobals) = postSolution
		SolutionGuid = {A2BE0024-3987-4DF2-A438-7B9299491FDF}
	EndGlobalSection
EndGlobal
